
Microsoft Visual Studio Solution File, Format Version 12.00
# Visual Studio Version 17
VisualStudioVersion = 17.13.35806.99
MinimumVisualStudioVersion = 10.0.40219.1
Project("{9A19103F-16F7-4668-BE54-9A1E7A4F7556}") = "14_YieldDemos", "YieldDemos\14_YieldDemos.csproj", "{E9873BB9-781C-4421-A4C9-7ADAED2BBF1D}"
EndProject
Project("{FAE04EC0-301F-11D3-BF4B-00C04F79EFBC}") = "17_CoAndContra_Variance", "CoAndContra_Variance\17_CoAndContra_Variance.csproj", "{FC2DDC45-9CE3-4E14-A7DB-0F007C955244}"
EndProject
Project("{FAE04EC0-301F-11D3-BF4B-00C04F79EFBC}") = "18_AbstractClass", "AbstractClass\18_AbstractClass.csproj", "{4D394728-73AC-4956-BA4A-C9B5E3A28613}"
EndProject
Project("{FAE04EC0-301F-11D3-BF4B-00C04F79EFBC}") = "13_Inheritance", "Inheritance\13_Inheritance.csproj", "{21DF598B-2885-4279-A895-554F430B576C}"
EndProject
Project("{FAE04EC0-301F-11D3-BF4B-00C04F79EFBC}") = "15_Default_Interface_Methods_C#", "Default_Interface_Methods_C#\15_Default_Interface_Methods_C#.csproj", "{266E71F9-1866-4B34-994F-73CF6ACA7AFA}"
EndProject
Project("{FAE04EC0-301F-11D3-BF4B-00C04F79EFBC}") = "19_ArrayDemos", "ArrayDemos\19_ArrayDemos.csproj", "{9BE31FE9-637C-4075-9C29-526F77451A41}"
EndProject
Project("{FAE04EC0-301F-11D3-BF4B-00C04F79EFBC}") = "16_Threads_Demos", "16_Threads_Demos\16_Threads_Demos.csproj", "{26610EA3-4AEB-4140-A010-9B34F7F207F8}"
EndProject
Project("{FAE04EC0-301F-11D3-BF4B-00C04F79EFBC}") = "04_SwitchCaseExample", "4_SwitchCaseExample\04_SwitchCaseExample.csproj", "{E14D9B9C-AAAF-4C37-A9DE-805D4FE8CBBD}"
EndProject
Project("{FAE04EC0-301F-11D3-BF4B-00C04F79EFBC}") = "05_ConstantReadonlyStatic", "5_ConstantReadonlyStatic\05_ConstantReadonlyStatic.csproj", "{C3656749-8750-46D9-B4C5-AD54A408DEA8}"
EndProject
Project("{FAE04EC0-301F-11D3-BF4B-00C04F79EFBC}") = "35_DictionaryDemo", "6_DictionaryDemo\35_DictionaryDemo.csproj", "{52766ACB-2CC5-46A4-92BB-D839FF07F407}"
EndProject
Project("{FAE04EC0-301F-11D3-BF4B-00C04F79EFBC}") = "20_TrickyQuestions", "11_TrickyQuestions\20_TrickyQuestions.csproj", "{91DD6F58-327A-4A0A-B3BF-07027740CCFE}"
EndProject
Project("{FAE04EC0-301F-11D3-BF4B-00C04F79EFBC}") = "21_RemoveRepeated", "12_RemoveRepeated\21_RemoveRepeated.csproj", "{F391C0CA-4476-4DFA-8E77-AA9CD88C831A}"
EndProject
Project("{FAE04EC0-301F-11D3-BF4B-00C04F79EFBC}") = "01_VerbatimString", "VerbatimString\01_VerbatimString.csproj", "{F83B5AC0-D85F-4930-A56B-709A339C032B}"
EndProject
Project("{FAE04EC0-301F-11D3-BF4B-00C04F79EFBC}") = "02_UseOfConsoleClass", "UseOfConsoleClass\02_UseOfConsoleClass.csproj", "{AA806389-E54F-4EBE-B6C1-3C7A7A77125D}"
EndProject
Project("{FAE04EC0-301F-11D3-BF4B-00C04F79EFBC}") = "03_UseOfEnvironmentClass", "UseOfEnvironmentClass\03_UseOfEnvironmentClass.csproj", "{5BB4B6C7-6BD4-4A2F-97C1-105F2A599EE2}"
EndProject
Project("{FAE04EC0-301F-11D3-BF4B-00C04F79EFBC}") = "07_UseOfPARAM", "UseOfPARAM\07_UseOfPARAM.csproj", "{0C95BFEA-C751-4DB8-A2C8-1101C37B7E0D}"
EndProject
Project("{FAE04EC0-301F-11D3-BF4B-00C04F79EFBC}") = "11_ValueTypeContainReferenceType", "ValueTypeContainReferenceType\11_ValueTypeContainReferenceType.csproj", "{F388C08F-BC21-4C16-89AA-02FE30197241}"
EndProject
Project("{FAE04EC0-301F-11D3-BF4B-00C04F79EFBC}") = "09_PassValuesAndReference", "PassValuesAndReference\09_PassValuesAndReference.csproj", "{FAC6CC8A-266E-48A8-8B4A-CE9AB63D3AC8}"
EndProject
Project("{FAE04EC0-301F-11D3-BF4B-00C04F79EFBC}") = "08_PassingReferenceTypeByReference", "PassReferenceByReference\08_PassingReferenceTypeByReference.csproj", "{356126B6-BA17-4C73-BEFD-F2ECD7CA33C6}"
EndProject
Project("{FAE04EC0-301F-11D3-BF4B-00C04F79EFBC}") = "10_PassingReferenceTypeByValueType", "PassingReferenceTypeByValueType\10_PassingReferenceTypeByValueType.csproj", "{FB264D4F-2478-49C7-878C-C7F7EDBDAF30}"
EndProject
Project("{FAE04EC0-301F-11D3-BF4B-00C04F79EFBC}") = "22_Destructors_Example", "Destructors_Example\22_Destructors_Example.csproj", "{31EEB9E2-547C-45C8-A636-9EEB6613A960}"
EndProject
Project("{FAE04EC0-301F-11D3-BF4B-00C04F79EFBC}") = "23_DigitGroup", "DigitGroup\23_DigitGroup.csproj", "{D13AA8CA-6F6D-4316-B490-C988240DB502}"
EndProject
Project("{FAE04EC0-301F-11D3-BF4B-00C04F79EFBC}") = "30_GenericsBasics", "GenericsBasics\30_GenericsBasics.csproj", "{6B961AC7-374F-4386-A188-25B4FDA16829}"
EndProject
Project("{FAE04EC0-301F-11D3-BF4B-00C04F79EFBC}") = "31_GenericsDelegate", "GenericsDelegate\31_GenericsDelegate.csproj", "{18149A9F-49FA-4AA5-AA6A-661BC5419AA4}"
EndProject
Project("{FAE04EC0-301F-11D3-BF4B-00C04F79EFBC}") = "32_GenericsDemos", "GenericsDemos\32_GenericsDemos.csproj", "{B44E40E6-B607-2225-64BB-D100761D386B}"
EndProject
Project("{FAE04EC0-301F-11D3-BF4B-00C04F79EFBC}") = "33_IEnumerable_IEnumerator", "IEnumerable_IEnumerator\33_IEnumerable_IEnumerator.csproj", "{38E57568-5BB7-4788-B0F7-FA4FE1E038C1}"
EndProject
Project("{FAE04EC0-301F-11D3-BF4B-00C04F79EFBC}") = "34_ICollection_Demo", "ICollection_Demo\34_ICollection_Demo.csproj", "{0CA70306-792C-43CA-9DAF-0D866A39F65E}"
EndProject
Project("{FAE04EC0-301F-11D3-BF4B-00C04F79EFBC}") = "38_ClassObjectAsArray", "ClassObjectAsArray\38_ClassObjectAsArray.csproj", "{8FF6254B-B152-4BCC-9D27-151C52BCADAE}"
EndProject
Project("{FAE04EC0-301F-11D3-BF4B-00C04F79EFBC}") = "36_ListDemo", "ListDemo\36_ListDemo.csproj", "{6063B88C-D602-4E82-B6BE-4490D66AF849}"
EndProject
Project("{FAE04EC0-301F-11D3-BF4B-00C04F79EFBC}") = "06_NullableTypes", "NullableTypes\06_NullableTypes.csproj", "{CACD4BEA-F8A2-4830-95F3-23B1C0CA875F}"
EndProject
Project("{FAE04EC0-301F-11D3-BF4B-00C04F79EFBC}") = "12_paramKeyword", "paramKeyword\12_paramKeyword.csproj", "{D95A2B97-1621-4FC1-9CA5-C56AA89B95AE}"
EndProject
Project("{FAE04EC0-301F-11D3-BF4B-00C04F79EFBC}") = "24_StringBuilderDemo", "StringBuilderDemo\24_StringBuilderDemo.csproj", "{B88CA075-DDA0-44F4-B0CB-EBBEA863FA52}"
EndProject
Project("{FAE04EC0-301F-11D3-BF4B-00C04F79EFBC}") = "25_staticKeyword", "staticKeyword\25_staticKeyword.csproj", "{22C4CC83-DE4F-4515-ACD2-E6754B7E13C9}"
EndProject
Project("{FAE04EC0-301F-11D3-BF4B-00C04F79EFBC}") = "40_IndexersProperty", "IndexersProperty\40_IndexersProperty.csproj", "{E86D037C-3E68-4468-8FCA-B0ABB565B2EE}"
EndProject
Project("{FAE04EC0-301F-11D3-BF4B-00C04F79EFBC}") = "26_InterfaceDemo", "InterfaceDemo\26_InterfaceDemo.csproj", "{25FF3F55-F61D-4044-B41E-EC58DCB71437}"
EndProject
Project("{FAE04EC0-301F-11D3-BF4B-00C04F79EFBC}") = "28_TestArrayIndex", "TestArrayIndex\28_TestArrayIndex.csproj", "{39A1A1F3-EE8A-4B25-9A1E-7C2329798E46}"
EndProject
Project("{FAE04EC0-301F-11D3-BF4B-00C04F79EFBC}") = "27_SimpleProgram", "SimpleProgram\27_SimpleProgram.csproj", "{FDFE5988-63A6-4407-AA5F-1516452533CA}"
EndProject
Project("{FAE04EC0-301F-11D3-BF4B-00C04F79EFBC}") = "29_OverLoaded_Indexer_Methods_and_Indexer_on_Interface", "OverLoaded_Indexer_Methods_and_Indexer_on_Interface\29_OverLoaded_Indexer_Methods_and_Indexer_on_Interface.csproj", "{F68B8A8B-88CF-4F38-8356-5F4752A7539F}"
EndProject
Global
	GlobalSection(SolutionConfigurationPlatforms) = preSolution
		Debug|Any CPU = Debug|Any CPU
		Release|Any CPU = Release|Any CPU
	EndGlobalSection
	GlobalSection(ProjectConfigurationPlatforms) = postSolution
		{E9873BB9-781C-4421-A4C9-7ADAED2BBF1D}.Debug|Any CPU.ActiveCfg = Debug|Any CPU
		{E9873BB9-781C-4421-A4C9-7ADAED2BBF1D}.Debug|Any CPU.Build.0 = Debug|Any CPU
		{E9873BB9-781C-4421-A4C9-7ADAED2BBF1D}.Release|Any CPU.ActiveCfg = Release|Any CPU
		{E9873BB9-781C-4421-A4C9-7ADAED2BBF1D}.Release|Any CPU.Build.0 = Release|Any CPU
		{FC2DDC45-9CE3-4E14-A7DB-0F007C955244}.Debug|Any CPU.ActiveCfg = Debug|Any CPU
		{FC2DDC45-9CE3-4E14-A7DB-0F007C955244}.Debug|Any CPU.Build.0 = Debug|Any CPU
		{FC2DDC45-9CE3-4E14-A7DB-0F007C955244}.Release|Any CPU.ActiveCfg = Release|Any CPU
		{FC2DDC45-9CE3-4E14-A7DB-0F007C955244}.Release|Any CPU.Build.0 = Release|Any CPU
		{4D394728-73AC-4956-BA4A-C9B5E3A28613}.Debug|Any CPU.ActiveCfg = Debug|x86
		{4D394728-73AC-4956-BA4A-C9B5E3A28613}.Debug|Any CPU.Build.0 = Debug|x86
		{4D394728-73AC-4956-BA4A-C9B5E3A28613}.Release|Any CPU.ActiveCfg = Release|x86
		{4D394728-73AC-4956-BA4A-C9B5E3A28613}.Release|Any CPU.Build.0 = Release|x86
		{21DF598B-2885-4279-A895-554F430B576C}.Debug|Any CPU.ActiveCfg = Debug|x86
		{21DF598B-2885-4279-A895-554F430B576C}.Debug|Any CPU.Build.0 = Debug|x86
		{21DF598B-2885-4279-A895-554F430B576C}.Release|Any CPU.ActiveCfg = Release|x86
		{21DF598B-2885-4279-A895-554F430B576C}.Release|Any CPU.Build.0 = Release|x86
		{266E71F9-1866-4B34-994F-73CF6ACA7AFA}.Debug|Any CPU.ActiveCfg = Debug|Any CPU
		{266E71F9-1866-4B34-994F-73CF6ACA7AFA}.Debug|Any CPU.Build.0 = Debug|Any CPU
		{266E71F9-1866-4B34-994F-73CF6ACA7AFA}.Release|Any CPU.ActiveCfg = Release|Any CPU
		{266E71F9-1866-4B34-994F-73CF6ACA7AFA}.Release|Any CPU.Build.0 = Release|Any CPU
		{9BE31FE9-637C-4075-9C29-526F77451A41}.Debug|Any CPU.ActiveCfg = Debug|x86
		{9BE31FE9-637C-4075-9C29-526F77451A41}.Debug|Any CPU.Build.0 = Debug|x86
		{9BE31FE9-637C-4075-9C29-526F77451A41}.Release|Any CPU.ActiveCfg = Release|x86
		{9BE31FE9-637C-4075-9C29-526F77451A41}.Release|Any CPU.Build.0 = Release|x86
		{26610EA3-4AEB-4140-A010-9B34F7F207F8}.Debug|Any CPU.ActiveCfg = Debug|Any CPU
		{26610EA3-4AEB-4140-A010-9B34F7F207F8}.Debug|Any CPU.Build.0 = Debug|Any CPU
		{26610EA3-4AEB-4140-A010-9B34F7F207F8}.Release|Any CPU.ActiveCfg = Release|Any CPU
		{26610EA3-4AEB-4140-A010-9B34F7F207F8}.Release|Any CPU.Build.0 = Release|Any CPU
		{E14D9B9C-AAAF-4C37-A9DE-805D4FE8CBBD}.Debug|Any CPU.ActiveCfg = Debug|x86
		{E14D9B9C-AAAF-4C37-A9DE-805D4FE8CBBD}.Debug|Any CPU.Build.0 = Debug|x86
		{E14D9B9C-AAAF-4C37-A9DE-805D4FE8CBBD}.Release|Any CPU.ActiveCfg = Release|x86
		{E14D9B9C-AAAF-4C37-A9DE-805D4FE8CBBD}.Release|Any CPU.Build.0 = Release|x86
		{C3656749-8750-46D9-B4C5-AD54A408DEA8}.Debug|Any CPU.ActiveCfg = Debug|x86
		{C3656749-8750-46D9-B4C5-AD54A408DEA8}.Debug|Any CPU.Build.0 = Debug|x86
		{C3656749-8750-46D9-B4C5-AD54A408DEA8}.Release|Any CPU.ActiveCfg = Release|x86
		{C3656749-8750-46D9-B4C5-AD54A408DEA8}.Release|Any CPU.Build.0 = Release|x86
		{52766ACB-2CC5-46A4-92BB-D839FF07F407}.Debug|Any CPU.ActiveCfg = Debug|x86
		{52766ACB-2CC5-46A4-92BB-D839FF07F407}.Debug|Any CPU.Build.0 = Debug|x86
		{52766ACB-2CC5-46A4-92BB-D839FF07F407}.Release|Any CPU.ActiveCfg = Release|x86
		{52766ACB-2CC5-46A4-92BB-D839FF07F407}.Release|Any CPU.Build.0 = Release|x86
		{91DD6F58-327A-4A0A-B3BF-07027740CCFE}.Debug|Any CPU.ActiveCfg = Debug|x86
		{91DD6F58-327A-4A0A-B3BF-07027740CCFE}.Debug|Any CPU.Build.0 = Debug|x86
		{91DD6F58-327A-4A0A-B3BF-07027740CCFE}.Release|Any CPU.ActiveCfg = Release|x86
		{91DD6F58-327A-4A0A-B3BF-07027740CCFE}.Release|Any CPU.Build.0 = Release|x86
		{F391C0CA-4476-4DFA-8E77-AA9CD88C831A}.Debug|Any CPU.ActiveCfg = Debug|Any CPU
		{F391C0CA-4476-4DFA-8E77-AA9CD88C831A}.Debug|Any CPU.Build.0 = Debug|Any CPU
		{F391C0CA-4476-4DFA-8E77-AA9CD88C831A}.Release|Any CPU.ActiveCfg = Release|Any CPU
		{F391C0CA-4476-4DFA-8E77-AA9CD88C831A}.Release|Any CPU.Build.0 = Release|Any CPU
		{F83B5AC0-D85F-4930-A56B-709A339C032B}.Debug|Any CPU.ActiveCfg = Debug|x86
		{F83B5AC0-D85F-4930-A56B-709A339C032B}.Debug|Any CPU.Build.0 = Debug|x86
		{F83B5AC0-D85F-4930-A56B-709A339C032B}.Release|Any CPU.ActiveCfg = Release|x86
		{F83B5AC0-D85F-4930-A56B-709A339C032B}.Release|Any CPU.Build.0 = Release|x86
		{AA806389-E54F-4EBE-B6C1-3C7A7A77125D}.Debug|Any CPU.ActiveCfg = Debug|x86
		{AA806389-E54F-4EBE-B6C1-3C7A7A77125D}.Debug|Any CPU.Build.0 = Debug|x86
		{AA806389-E54F-4EBE-B6C1-3C7A7A77125D}.Release|Any CPU.ActiveCfg = Release|x86
		{AA806389-E54F-4EBE-B6C1-3C7A7A77125D}.Release|Any CPU.Build.0 = Release|x86
		{5BB4B6C7-6BD4-4A2F-97C1-105F2A599EE2}.Debug|Any CPU.ActiveCfg = Debug|x86
		{5BB4B6C7-6BD4-4A2F-97C1-105F2A599EE2}.Debug|Any CPU.Build.0 = Debug|x86
		{5BB4B6C7-6BD4-4A2F-97C1-105F2A599EE2}.Release|Any CPU.ActiveCfg = Release|x86
		{5BB4B6C7-6BD4-4A2F-97C1-105F2A599EE2}.Release|Any CPU.Build.0 = Release|x86
		{0C95BFEA-C751-4DB8-A2C8-1101C37B7E0D}.Debug|Any CPU.ActiveCfg = Debug|x86
		{0C95BFEA-C751-4DB8-A2C8-1101C37B7E0D}.Debug|Any CPU.Build.0 = Debug|x86
		{0C95BFEA-C751-4DB8-A2C8-1101C37B7E0D}.Release|Any CPU.ActiveCfg = Release|x86
		{0C95BFEA-C751-4DB8-A2C8-1101C37B7E0D}.Release|Any CPU.Build.0 = Release|x86
		{F388C08F-BC21-4C16-89AA-02FE30197241}.Debug|Any CPU.ActiveCfg = Debug|x86
		{F388C08F-BC21-4C16-89AA-02FE30197241}.Debug|Any CPU.Build.0 = Debug|x86
		{F388C08F-BC21-4C16-89AA-02FE30197241}.Release|Any CPU.ActiveCfg = Release|x86
		{F388C08F-BC21-4C16-89AA-02FE30197241}.Release|Any CPU.Build.0 = Release|x86
		{FAC6CC8A-266E-48A8-8B4A-CE9AB63D3AC8}.Debug|Any CPU.ActiveCfg = Debug|x86
		{FAC6CC8A-266E-48A8-8B4A-CE9AB63D3AC8}.Debug|Any CPU.Build.0 = Debug|x86
		{FAC6CC8A-266E-48A8-8B4A-CE9AB63D3AC8}.Release|Any CPU.ActiveCfg = Release|x86
		{FAC6CC8A-266E-48A8-8B4A-CE9AB63D3AC8}.Release|Any CPU.Build.0 = Release|x86
		{356126B6-BA17-4C73-BEFD-F2ECD7CA33C6}.Debug|Any CPU.ActiveCfg = Debug|x86
		{356126B6-BA17-4C73-BEFD-F2ECD7CA33C6}.Debug|Any CPU.Build.0 = Debug|x86
		{356126B6-BA17-4C73-BEFD-F2ECD7CA33C6}.Release|Any CPU.ActiveCfg = Release|x86
		{356126B6-BA17-4C73-BEFD-F2ECD7CA33C6}.Release|Any CPU.Build.0 = Release|x86
		{FB264D4F-2478-49C7-878C-C7F7EDBDAF30}.Debug|Any CPU.ActiveCfg = Debug|x86
		{FB264D4F-2478-49C7-878C-C7F7EDBDAF30}.Debug|Any CPU.Build.0 = Debug|x86
		{FB264D4F-2478-49C7-878C-C7F7EDBDAF30}.Release|Any CPU.ActiveCfg = Release|x86
		{FB264D4F-2478-49C7-878C-C7F7EDBDAF30}.Release|Any CPU.Build.0 = Release|x86
		{31EEB9E2-547C-45C8-A636-9EEB6613A960}.Debug|Any CPU.ActiveCfg = Debug|x86
		{31EEB9E2-547C-45C8-A636-9EEB6613A960}.Debug|Any CPU.Build.0 = Debug|x86
		{31EEB9E2-547C-45C8-A636-9EEB6613A960}.Release|Any CPU.ActiveCfg = Release|x86
		{31EEB9E2-547C-45C8-A636-9EEB6613A960}.Release|Any CPU.Build.0 = Release|x86
		{D13AA8CA-6F6D-4316-B490-C988240DB502}.Debug|Any CPU.ActiveCfg = Debug|x86
		{D13AA8CA-6F6D-4316-B490-C988240DB502}.Debug|Any CPU.Build.0 = Debug|x86
		{D13AA8CA-6F6D-4316-B490-C988240DB502}.Release|Any CPU.ActiveCfg = Release|x86
		{D13AA8CA-6F6D-4316-B490-C988240DB502}.Release|Any CPU.Build.0 = Release|x86
		{6B961AC7-374F-4386-A188-25B4FDA16829}.Debug|Any CPU.ActiveCfg = Debug|x86
		{6B961AC7-374F-4386-A188-25B4FDA16829}.Debug|Any CPU.Build.0 = Debug|x86
		{6B961AC7-374F-4386-A188-25B4FDA16829}.Release|Any CPU.ActiveCfg = Release|x86
		{6B961AC7-374F-4386-A188-25B4FDA16829}.Release|Any CPU.Build.0 = Release|x86
		{18149A9F-49FA-4AA5-AA6A-661BC5419AA4}.Debug|Any CPU.ActiveCfg = Debug|x86
		{18149A9F-49FA-4AA5-AA6A-661BC5419AA4}.Debug|Any CPU.Build.0 = Debug|x86
		{18149A9F-49FA-4AA5-AA6A-661BC5419AA4}.Release|Any CPU.ActiveCfg = Release|x86
		{18149A9F-49FA-4AA5-AA6A-661BC5419AA4}.Release|Any CPU.Build.0 = Release|x86
		{B44E40E6-B607-2225-64BB-D100761D386B}.Debug|Any CPU.ActiveCfg = Debug|Any CPU
		{B44E40E6-B607-2225-64BB-D100761D386B}.Debug|Any CPU.Build.0 = Debug|Any CPU
		{B44E40E6-B607-2225-64BB-D100761D386B}.Release|Any CPU.ActiveCfg = Release|Any CPU
		{B44E40E6-B607-2225-64BB-D100761D386B}.Release|Any CPU.Build.0 = Release|Any CPU
		{38E57568-5BB7-4788-B0F7-FA4FE1E038C1}.Debug|Any CPU.ActiveCfg = Debug|x86
		{38E57568-5BB7-4788-B0F7-FA4FE1E038C1}.Debug|Any CPU.Build.0 = Debug|x86
		{38E57568-5BB7-4788-B0F7-FA4FE1E038C1}.Release|Any CPU.ActiveCfg = Release|x86
		{38E57568-5BB7-4788-B0F7-FA4FE1E038C1}.Release|Any CPU.Build.0 = Release|x86
		{0CA70306-792C-43CA-9DAF-0D866A39F65E}.Debug|Any CPU.ActiveCfg = Debug|x86
		{0CA70306-792C-43CA-9DAF-0D866A39F65E}.Debug|Any CPU.Build.0 = Debug|x86
		{0CA70306-792C-43CA-9DAF-0D866A39F65E}.Release|Any CPU.ActiveCfg = Release|x86
		{0CA70306-792C-43CA-9DAF-0D866A39F65E}.Release|Any CPU.Build.0 = Release|x86
		{8FF6254B-B152-4BCC-9D27-151C52BCADAE}.Debug|Any CPU.ActiveCfg = Debug|x86
		{8FF6254B-B152-4BCC-9D27-151C52BCADAE}.Debug|Any CPU.Build.0 = Debug|x86
		{8FF6254B-B152-4BCC-9D27-151C52BCADAE}.Release|Any CPU.ActiveCfg = Release|x86
		{8FF6254B-B152-4BCC-9D27-151C52BCADAE}.Release|Any CPU.Build.0 = Release|x86
		{6063B88C-D602-4E82-B6BE-4490D66AF849}.Debug|Any CPU.ActiveCfg = Debug|x86
		{6063B88C-D602-4E82-B6BE-4490D66AF849}.Debug|Any CPU.Build.0 = Debug|x86
		{6063B88C-D602-4E82-B6BE-4490D66AF849}.Release|Any CPU.ActiveCfg = Release|x86
		{6063B88C-D602-4E82-B6BE-4490D66AF849}.Release|Any CPU.Build.0 = Release|x86
		{CACD4BEA-F8A2-4830-95F3-23B1C0CA875F}.Debug|Any CPU.ActiveCfg = Debug|x86
		{CACD4BEA-F8A2-4830-95F3-23B1C0CA875F}.Debug|Any CPU.Build.0 = Debug|x86
		{CACD4BEA-F8A2-4830-95F3-23B1C0CA875F}.Release|Any CPU.ActiveCfg = Release|x86
		{CACD4BEA-F8A2-4830-95F3-23B1C0CA875F}.Release|Any CPU.Build.0 = Release|x86
		{D95A2B97-1621-4FC1-9CA5-C56AA89B95AE}.Debug|Any CPU.ActiveCfg = Debug|x86
		{D95A2B97-1621-4FC1-9CA5-C56AA89B95AE}.Debug|Any CPU.Build.0 = Debug|x86
		{D95A2B97-1621-4FC1-9CA5-C56AA89B95AE}.Release|Any CPU.ActiveCfg = Release|x86
		{D95A2B97-1621-4FC1-9CA5-C56AA89B95AE}.Release|Any CPU.Build.0 = Release|x86
		{B88CA075-DDA0-44F4-B0CB-EBBEA863FA52}.Debug|Any CPU.ActiveCfg = Debug|x86
		{B88CA075-DDA0-44F4-B0CB-EBBEA863FA52}.Debug|Any CPU.Build.0 = Debug|x86
		{B88CA075-DDA0-44F4-B0CB-EBBEA863FA52}.Release|Any CPU.ActiveCfg = Release|x86
		{B88CA075-DDA0-44F4-B0CB-EBBEA863FA52}.Release|Any CPU.Build.0 = Release|x86
		{22C4CC83-DE4F-4515-ACD2-E6754B7E13C9}.Debug|Any CPU.ActiveCfg = Debug|x86
		{22C4CC83-DE4F-4515-ACD2-E6754B7E13C9}.Debug|Any CPU.Build.0 = Debug|x86
		{22C4CC83-DE4F-4515-ACD2-E6754B7E13C9}.Release|Any CPU.ActiveCfg = Release|x86
		{22C4CC83-DE4F-4515-ACD2-E6754B7E13C9}.Release|Any CPU.Build.0 = Release|x86
		{E86D037C-3E68-4468-8FCA-B0ABB565B2EE}.Debug|Any CPU.ActiveCfg = Debug|x86
		{E86D037C-3E68-4468-8FCA-B0ABB565B2EE}.Debug|Any CPU.Build.0 = Debug|x86
		{E86D037C-3E68-4468-8FCA-B0ABB565B2EE}.Release|Any CPU.ActiveCfg = Release|x86
		{E86D037C-3E68-4468-8FCA-B0ABB565B2EE}.Release|Any CPU.Build.0 = Release|x86
		{25FF3F55-F61D-4044-B41E-EC58DCB71437}.Debug|Any CPU.ActiveCfg = Debug|x86
		{25FF3F55-F61D-4044-B41E-EC58DCB71437}.Debug|Any CPU.Build.0 = Debug|x86
		{25FF3F55-F61D-4044-B41E-EC58DCB71437}.Release|Any CPU.ActiveCfg = Release|x86
		{25FF3F55-F61D-4044-B41E-EC58DCB71437}.Release|Any CPU.Build.0 = Release|x86
		{39A1A1F3-EE8A-4B25-9A1E-7C2329798E46}.Debug|Any CPU.ActiveCfg = Debug|x86
		{39A1A1F3-EE8A-4B25-9A1E-7C2329798E46}.Debug|Any CPU.Build.0 = Debug|x86
		{39A1A1F3-EE8A-4B25-9A1E-7C2329798E46}.Release|Any CPU.ActiveCfg = Release|x86
		{39A1A1F3-EE8A-4B25-9A1E-7C2329798E46}.Release|Any CPU.Build.0 = Release|x86
		{FDFE5988-63A6-4407-AA5F-1516452533CA}.Debug|Any CPU.ActiveCfg = Debug|x86
		{FDFE5988-63A6-4407-AA5F-1516452533CA}.Debug|Any CPU.Build.0 = Debug|x86
		{FDFE5988-63A6-4407-AA5F-1516452533CA}.Release|Any CPU.ActiveCfg = Release|x86
		{FDFE5988-63A6-4407-AA5F-1516452533CA}.Release|Any CPU.Build.0 = Release|x86
		{F68B8A8B-88CF-4F38-8356-5F4752A7539F}.Debug|Any CPU.ActiveCfg = Debug|x86
		{F68B8A8B-88CF-4F38-8356-5F4752A7539F}.Debug|Any CPU.Build.0 = Debug|x86
		{F68B8A8B-88CF-4F38-8356-5F4752A7539F}.Release|Any CPU.ActiveCfg = Release|x86
		{F68B8A8B-88CF-4F38-8356-5F4752A7539F}.Release|Any CPU.Build.0 = Release|x86
	EndGlobalSection
	GlobalSection(SolutionProperties) = preSolution
		HideSolutionNode = FALSE
	EndGlobalSection
	GlobalSection(ExtensibilityGlobals) = postSolution
		SolutionGuid = {8D32F7CD-150F-46E4-BFB6-CF5A0FB610AB}
	EndGlobalSection
EndGlobal
